{
  "object": {
    "pins": [
      {
        "package": "CCairo",
        "repositoryURL": "https://github.com/timbertson/CCairo.git",
        "state": {
          "branch": "master",
          "revision": "b7244900f2087c57bd7be0c50a36f7f2b68e536b",
          "version": null
        }
      },
      {
        "package": "CFontConfig",
        "repositoryURL": "https://github.com/PureSwift/CFontConfig.git",
        "state": {
          "branch": "master",
          "revision": "149b01e9a29e265f785dc6ab5003b4a6f1074a5f",
          "version": null
        }
      },
      {
        "package": "CFreeType",
        "repositoryURL": "https://github.com/PureSwift/CFreeType.git",
        "state": {
          "branch": "master",
          "revision": "079909dc68c13c700bb6bab3059ddf51f642b43a",
          "version": null
        }
      }
    ]
  },
  "version": 1
}
